
Microsoft Visual Studio Solution File, Format Version 12.00
# Visual Studio 14
VisualStudioVersion = 14.0.25420.1
MinimumVisualStudioVersion = 10.0.40219.1
Project("{2150E333-8FDC-42A3-9474-1A3956D46DE8}") = "SolutionDocuments", "SolutionDocuments", "{6CC6E752-71E7-44DE-8972-0CAB00B0116B}"
	ProjectSection(SolutionItems) = preProject
		RedwoodDW1_InformationPackage.docx = RedwoodDW1_InformationPackage.docx
		RedwoodDW1_SolutionWorksheets.xlsx = RedwoodDW1_SolutionWorksheets.xlsx
	EndProjectSection
EndProject
Global
	GlobalSection(SolutionProperties) = preSolution
		HideSolutionNode = FALSE
	EndGlobalSection
EndGlobal
