
Microsoft Visual Studio Solution File, Format Version 12.00
# Visual Studio 14
VisualStudioVersion = 14.0.25420.1
MinimumVisualStudioVersion = 10.0.40219.1
Project("{2150E333-8FDC-42A3-9474-1A3956D46DE8}") = "Solution Documents", "Solution Documents", "{F8CA448F-537D-46D8-BD5B-04FCCFD10150}"
	ProjectSection(SolutionItems) = preProject
		Solution Documents\BISolutionWorksheets.xlsx = Solution Documents\BISolutionWorksheets.xlsx
		Solution Documents\RedwoodDW1_InformationPackage.docx = Solution Documents\RedwoodDW1_InformationPackage.docx
	EndProjectSection
EndProject
Global
	GlobalSection(SolutionProperties) = preSolution
		HideSolutionNode = FALSE
	EndGlobalSection
EndGlobal
