
Microsoft Visual Studio Solution File, Format Version 12.00
# Visual Studio 14
VisualStudioVersion = 14.0.25420.1
MinimumVisualStudioVersion = 10.0.40219.1
Project("{2150E333-8FDC-42A3-9474-1A3956D46DE8}") = "Solution Documents", "Solution Documents", "{F8CA448F-537D-46D8-BD5B-04FCCFD10150}"
	ProjectSection(SolutionItems) = preProject
		Solution Documents\BISolutionWorksheets.xlsx = Solution Documents\BISolutionWorksheets.xlsx
		Solution Documents\RedwoodDW1_DemensionalDiagram.vsdx = Solution Documents\RedwoodDW1_DemensionalDiagram.vsdx
		Solution Documents\RedwoodDW1_InformationPackage.docx = Solution Documents\RedwoodDW1_InformationPackage.docx
	EndProjectSection
EndProject
Project("{2150E333-8FDC-42A3-9474-1A3956D46DE8}") = "RedwoodDW1 DaysOnMarket", "RedwoodDW1 DaysOnMarket", "{77DD4EE2-AC72-4E14-94C7-EF01B82F8D98}"
	ProjectSection(SolutionItems) = preProject
		RedwoodDW1 DaysOnMarket\Build_RedwoodDW1.sql = RedwoodDW1 DaysOnMarket\Build_RedwoodDW1.sql
	EndProjectSection
EndProject
Project("{159641D6-6404-4A2A-AE62-294DE0FE8301}") = "Redwood1ETL", "Redwood1ETL\Redwood1ETL.dtproj", "{3C190F28-F4AB-40DE-9C36-20E99E6BC622}"
EndProject
Global
	GlobalSection(SolutionConfigurationPlatforms) = preSolution
		Development|Default = Development|Default
	EndGlobalSection
	GlobalSection(ProjectConfigurationPlatforms) = postSolution
		{3C190F28-F4AB-40DE-9C36-20E99E6BC622}.Development|Default.ActiveCfg = Development
		{3C190F28-F4AB-40DE-9C36-20E99E6BC622}.Development|Default.Build.0 = Development
	EndGlobalSection
	GlobalSection(SolutionProperties) = preSolution
		HideSolutionNode = FALSE
	EndGlobalSection
EndGlobal
